
Microsoft Visual Studio Solution File, Format Version 11.00
# Visual Studio 2010
Project("{FAE04EC0-301F-11D3-BF4B-00C04F79EFBC}") = "Sierpinskeho_fraktal", "Sierpinskeho_fraktal\Sierpinskeho_fraktal.csproj", "{8B9AFBC1-6FB1-44ED-8179-00A4E9E1C767}"
EndProject
Global
	GlobalSection(SolutionConfigurationPlatforms) = preSolution
		Debug|x86 = Debug|x86
		Release|x86 = Release|x86
	EndGlobalSection
	GlobalSection(ProjectConfigurationPlatforms) = postSolution
		{8B9AFBC1-6FB1-44ED-8179-00A4E9E1C767}.Debug|x86.ActiveCfg = Debug|x86
		{8B9AFBC1-6FB1-44ED-8179-00A4E9E1C767}.Debug|x86.Build.0 = Debug|x86
		{8B9AFBC1-6FB1-44ED-8179-00A4E9E1C767}.Release|x86.ActiveCfg = Release|x86
		{8B9AFBC1-6FB1-44ED-8179-00A4E9E1C767}.Release|x86.Build.0 = Release|x86
	EndGlobalSection
	GlobalSection(SolutionProperties) = preSolution
		HideSolutionNode = FALSE
	EndGlobalSection
EndGlobal
